{
    "_readme": [
        "This file locks the dependencies of your project to a known state",
        "Read more about it at https://getcomposer.org/doc/01-basic-usage.md#installing-dependencies",
        "This file is @generated automatically"
    ],
    "content-hash": "bc51e6c8e43315aa26ffb81bdf9e0056",
    "packages": [
        {
            "name": "advanced-custom-fields/advanced-custom-fields-pro",
            "version": "5.12.2",
            "dist": {
                "type": "zip",
                "url": "https://connect.advancedcustomfields.com/index.php?a=download&p=pro&k={%ACF_PRO_KEY}&t={%VERSION}"
            },
            "require": {
                "composer/installers": "^1.0",
                "ffraenz/private-composer-installer": "^5.0"
            },
            "type": "wordpress-plugin"
        },
        {
            "name": "chatwoot/wp-plugin",
            "version": "dev-main",
            "source": {
                "type": "git",
                "url": "git@github.com:chatwoot/wp-plugin.git",
                "reference": "main"
            },
            "type": "wordpress-plugin"
        },
        {
            "name": "composer/installers",
            "version": "v1.12.0",
            "source": {
                "type": "git",
                "url": "https://github.com/composer/installers.git",
                "reference": "d20a64ed3c94748397ff5973488761b22f6d3f19"
            },
            "dist": {
                "type": "zip",
                "url": "https://api.github.com/repos/composer/installers/zipball/d20a64ed3c94748397ff5973488761b22f6d3f19",
                "reference": "d20a64ed3c94748397ff5973488761b22f6d3f19",
                "shasum": ""
            },
            "require": {
                "composer-plugin-api": "^1.0 || ^2.0"
            },
            "replace": {
                "roundcube/plugin-installer": "*",
                "shama/baton": "*"
            },
            "require-dev": {
                "composer/composer": "1.6.* || ^2.0",
                "composer/semver": "^1 || ^3",
                "phpstan/phpstan": "^0.12.55",
                "phpstan/phpstan-phpunit": "^0.12.16",
                "symfony/phpunit-bridge": "^4.2 || ^5",
                "symfony/process": "^2.3"
            },
            "type": "composer-plugin",
            "extra": {
                "class": "Composer\\Installers\\Plugin",
                "branch-alias": {
                    "dev-main": "1.x-dev"
                }
            },
            "autoload": {
                "psr-4": {
                    "Composer\\Installers\\": "src/Composer/Installers"
                }
            },
            "notification-url": "https://packagist.org/downloads/",
            "license": [
                "MIT"
            ],
            "authors": [
                {
                    "name": "Kyle Robinson Young",
                    "email": "kyle@dontkry.com",
                    "homepage": "https://github.com/shama"
                }
            ],
            "description": "A multi-framework Composer library installer",
            "homepage": "https://composer.github.io/installers/",
            "keywords": [
                "Craft",
                "Dolibarr",
                "Eliasis",
                "Hurad",
                "ImageCMS",
                "Kanboard",
                "Lan Management System",
                "MODX Evo",
                "MantisBT",
                "Mautic",
                "Maya",
                "OXID",
                "Plentymarkets",
                "Porto",
                "RadPHP",
                "SMF",
                "Starbug",
                "Thelia",
                "Whmcs",
                "WolfCMS",
                "agl",
                "aimeos",
                "annotatecms",
                "attogram",
                "bitrix",
                "cakephp",
                "chef",
                "cockpit",
                "codeigniter",
                "concrete5",
                "croogo",
                "dokuwiki",
                "drupal",
                "eZ Platform",
                "elgg",
                "expressionengine",
                "fuelphp",
                "grav",
                "installer",
                "itop",
                "joomla",
                "known",
                "kohana",
                "laravel",
                "lavalite",
                "lithium",
                "magento",
                "majima",
                "mako",
                "mediawiki",
                "miaoxing",
                "modulework",
                "modx",
                "moodle",
                "osclass",
                "pantheon",
                "phpbb",
                "piwik",
                "ppi",
                "processwire",
                "puppet",
                "pxcms",
                "reindex",
                "roundcube",
                "shopware",
                "silverstripe",
                "sydes",
                "sylius",
                "symfony",
                "tastyigniter",
                "typo3",
                "wordpress",
                "yawik",
                "zend",
                "zikula"
            ],
            "support": {
                "issues": "https://github.com/composer/installers/issues",
                "source": "https://github.com/composer/installers/tree/v1.12.0"
            },
            "funding": [
                {
                    "url": "https://packagist.com",
                    "type": "custom"
                },
                {
                    "url": "https://github.com/composer",
                    "type": "github"
                },
                {
                    "url": "https://tidelift.com/funding/github/packagist/composer/composer",
                    "type": "tidelift"
                }
            ],
            "time": "2021-09-13T08:19:44+00:00"
        },
        {
            "name": "debtcollective/block-visibility-pro",
            "version": "dev-main",
            "source": {
                "type": "git",
                "url": "git@github.com:debtcollective/block-visibility-pro.git",
                "reference": "main"
            },
            "type": "wordpress-plugin"
        },
        {
            "name": "debtcollective/dc-events-manager",
            "version": "dev-main",
            "source": {
                "type": "git",
                "url": "git@github.com:debtcollective/dc-events-manager.git",
                "reference": "main"
            },
            "dist": {
                "type": "zip",
                "url": "https://github.com/debtcollective/dc-events-manager/archive/refs/heads/main.zip"
            },
            "type": "wordpress-plugin"
        },
        {
            "name": "debtcollective/dotorg-site-functionality",
            "version": "dev-main",
            "source": {
                "type": "git",
                "url": "git@github.com:debtcollective/dotorg-site-functionality.git",
                "reference": "main"
            },
            "dist": {
                "type": "zip",
                "url": "https://github.com/debtcollective/dotorg-site-functionality/archive/refs/heads/main.zip"
            },
            "type": "wordpress-plugin"
        },
        {
            "name": "debtcollective/dotorg-theme",
            "version": "dev-main",
            "source": {
                "type": "git",
                "url": "git@github.com:debtcollective/dotorg-theme.git",
                "reference": "main"
            },
            "dist": {
                "type": "zip",
                "url": "https://github.com/debtcollective/dotorg-theme/archive/refs/heads/main.zip"
            },
            "type": "wordpress-theme"
        },
        {
            "name": "debtcollective/wp-webhooks-pro",
            "version": "dev-main",
            "source": {
                "type": "git",
                "url": "git@github.com:debtcollective/wp-webhooks-pro.git",
                "reference": "main"
            },
            "dist": {
                "type": "zip",
                "url": "https://github.com/debtcollective/wp-webhooks-pro/archive/refs/heads/main.zip"
            },
            "type": "wordpress-plugin"
        },
        {
            "name": "ffraenz/private-composer-installer",
            "version": "v5.0.1",
            "source": {
                "type": "git",
                "url": "https://github.com/ffraenz/private-composer-installer.git",
                "reference": "8655e3da4e8f99203f13ccca33b9ab953ad30a31"
            },
            "dist": {
                "type": "zip",
                "url": "https://api.github.com/repos/ffraenz/private-composer-installer/zipball/8655e3da4e8f99203f13ccca33b9ab953ad30a31",
                "reference": "8655e3da4e8f99203f13ccca33b9ab953ad30a31",
                "shasum": ""
            },
            "require": {
                "composer-plugin-api": "^1.0 || ^2.0",
                "php": "^7.1 || ^8.0",
                "vlucas/phpdotenv": "^4.1 || ^5.2"
            },
            "require-dev": {
                "composer/composer": "^1.0 || ^2.0",
                "laminas/laminas-coding-standard": "^2.0",
                "symfony/phpunit-bridge": "^5.1",
                "symfony/process": "^4.4 || ^5.1"
            },
            "type": "composer-plugin",
            "extra": {
                "class": "FFraenz\\PrivateComposerInstaller\\Plugin",
                "plugin-modifies-downloads": true
            },
            "autoload": {
                "psr-4": {
                    "FFraenz\\PrivateComposerInstaller\\": "src"
                }
            },
            "notification-url": "https://packagist.org/downloads/",
            "license": [
                "MIT"
            ],
            "authors": [
                {
                    "name": "Fränz Friederes",
                    "email": "fraenz@frieder.es",
                    "homepage": "https://fraenz.frieder.es"
                }
            ],
            "description": "A composer install helper for private packages",
            "keywords": [
                "composer",
                "env",
                "plugin",
                "private",
                "wordpress",
                "wp"
            ],
            "support": {
                "issues": "https://github.com/ffraenz/private-composer-installer/issues",
                "source": "https://github.com/ffraenz/private-composer-installer/tree/v5.0.1"
            },
            "funding": [
                {
                    "url": "https://github.com/ffraenz",
                    "type": "github"
                }
            ],
            "time": "2020-10-30T09:35:33+00:00"
        },
        {
            "name": "frnhr/simple-user-ordering",
            "version": "dev-master",
            "source": {
                "type": "git",
                "url": "git@github.com:frnhr/simple-user-ordering.git",
                "reference": "master"
            },
            "dist": {
                "type": "zip",
                "url": "https://github.com/frnhr/simple-user-ordering/archive/refs/heads/master.zip"
            },
            "type": "wordpress-plugin"
        },
        {
            "name": "graham-campbell/result-type",
            "version": "v1.1.0",
            "source": {
                "type": "git",
                "url": "https://github.com/GrahamCampbell/Result-Type.git",
                "reference": "a878d45c1914464426dc94da61c9e1d36ae262a8"
            },
            "dist": {
                "type": "zip",
                "url": "https://api.github.com/repos/GrahamCampbell/Result-Type/zipball/a878d45c1914464426dc94da61c9e1d36ae262a8",
                "reference": "a878d45c1914464426dc94da61c9e1d36ae262a8",
                "shasum": ""
            },
            "require": {
                "php": "^7.2.5 || ^8.0",
                "phpoption/phpoption": "^1.9"
            },
            "require-dev": {
                "phpunit/phpunit": "^8.5.28 || ^9.5.21"
            },
            "type": "library",
            "autoload": {
                "psr-4": {
                    "GrahamCampbell\\ResultType\\": "src/"
                }
            },
            "notification-url": "https://packagist.org/downloads/",
            "license": [
                "MIT"
            ],
            "authors": [
                {
                    "name": "Graham Campbell",
                    "email": "hello@gjcampbell.co.uk",
                    "homepage": "https://github.com/GrahamCampbell"
                }
            ],
            "description": "An Implementation Of The Result Type",
            "keywords": [
                "Graham Campbell",
                "GrahamCampbell",
                "Result Type",
                "Result-Type",
                "result"
            ],
            "support": {
                "issues": "https://github.com/GrahamCampbell/Result-Type/issues",
                "source": "https://github.com/GrahamCampbell/Result-Type/tree/v1.1.0"
            },
            "funding": [
                {
                    "url": "https://github.com/GrahamCampbell",
                    "type": "github"
                },
                {
                    "url": "https://tidelift.com/funding/github/packagist/graham-campbell/result-type",
                    "type": "tidelift"
                }
            ],
            "time": "2022-07-30T15:56:11+00:00"
        },
        {
            "name": "phpoption/phpoption",
            "version": "1.9.0",
            "source": {
                "type": "git",
                "url": "https://github.com/schmittjoh/php-option.git",
                "reference": "dc5ff11e274a90cc1c743f66c9ad700ce50db9ab"
            },
            "dist": {
                "type": "zip",
                "url": "https://api.github.com/repos/schmittjoh/php-option/zipball/dc5ff11e274a90cc1c743f66c9ad700ce50db9ab",
                "reference": "dc5ff11e274a90cc1c743f66c9ad700ce50db9ab",
                "shasum": ""
            },
            "require": {
                "php": "^7.2.5 || ^8.0"
            },
            "require-dev": {
                "bamarni/composer-bin-plugin": "^1.8",
                "phpunit/phpunit": "^8.5.28 || ^9.5.21"
            },
            "type": "library",
            "extra": {
                "bamarni-bin": {
                    "bin-links": true,
                    "forward-command": true
                },
                "branch-alias": {
                    "dev-master": "1.9-dev"
                }
            },
            "autoload": {
                "psr-4": {
                    "PhpOption\\": "src/PhpOption/"
                }
            },
            "notification-url": "https://packagist.org/downloads/",
            "license": [
                "Apache-2.0"
            ],
            "authors": [
                {
                    "name": "Johannes M. Schmitt",
                    "email": "schmittjoh@gmail.com",
                    "homepage": "https://github.com/schmittjoh"
                },
                {
                    "name": "Graham Campbell",
                    "email": "hello@gjcampbell.co.uk",
                    "homepage": "https://github.com/GrahamCampbell"
                }
            ],
            "description": "Option Type for PHP",
            "keywords": [
                "language",
                "option",
                "php",
                "type"
            ],
            "support": {
                "issues": "https://github.com/schmittjoh/php-option/issues",
                "source": "https://github.com/schmittjoh/php-option/tree/1.9.0"
            },
            "funding": [
                {
                    "url": "https://github.com/GrahamCampbell",
                    "type": "github"
                },
                {
                    "url": "https://tidelift.com/funding/github/packagist/phpoption/phpoption",
                    "type": "tidelift"
                }
            ],
            "time": "2022-07-30T15:51:26+00:00"
        },
        {
            "name": "symfony/polyfill-ctype",
            "version": "v1.26.0",
            "source": {
                "type": "git",
                "url": "https://github.com/symfony/polyfill-ctype.git",
                "reference": "6fd1b9a79f6e3cf65f9e679b23af304cd9e010d4"
            },
            "dist": {
                "type": "zip",
                "url": "https://api.github.com/repos/symfony/polyfill-ctype/zipball/6fd1b9a79f6e3cf65f9e679b23af304cd9e010d4",
                "reference": "6fd1b9a79f6e3cf65f9e679b23af304cd9e010d4",
                "shasum": ""
            },
            "require": {
                "php": ">=7.1"
            },
            "provide": {
                "ext-ctype": "*"
            },
            "suggest": {
                "ext-ctype": "For best performance"
            },
            "type": "library",
            "extra": {
                "branch-alias": {
                    "dev-main": "1.26-dev"
                },
                "thanks": {
                    "name": "symfony/polyfill",
                    "url": "https://github.com/symfony/polyfill"
                }
            },
            "autoload": {
                "files": [
                    "bootstrap.php"
                ],
                "psr-4": {
                    "Symfony\\Polyfill\\Ctype\\": ""
                }
            },
            "notification-url": "https://packagist.org/downloads/",
            "license": [
                "MIT"
            ],
            "authors": [
                {
                    "name": "Gert de Pagter",
                    "email": "BackEndTea@gmail.com"
                },
                {
                    "name": "Symfony Community",
                    "homepage": "https://symfony.com/contributors"
                }
            ],
            "description": "Symfony polyfill for ctype functions",
            "homepage": "https://symfony.com",
            "keywords": [
                "compatibility",
                "ctype",
                "polyfill",
                "portable"
            ],
            "support": {
                "source": "https://github.com/symfony/polyfill-ctype/tree/v1.26.0"
            },
            "funding": [
                {
                    "url": "https://symfony.com/sponsor",
                    "type": "custom"
                },
                {
                    "url": "https://github.com/fabpot",
                    "type": "github"
                },
                {
                    "url": "https://tidelift.com/funding/github/packagist/symfony/symfony",
                    "type": "tidelift"
                }
            ],
            "time": "2022-05-24T11:49:31+00:00"
        },
        {
            "name": "symfony/polyfill-mbstring",
            "version": "v1.26.0",
            "source": {
                "type": "git",
                "url": "https://github.com/symfony/polyfill-mbstring.git",
                "reference": "9344f9cb97f3b19424af1a21a3b0e75b0a7d8d7e"
            },
            "dist": {
                "type": "zip",
                "url": "https://api.github.com/repos/symfony/polyfill-mbstring/zipball/9344f9cb97f3b19424af1a21a3b0e75b0a7d8d7e",
                "reference": "9344f9cb97f3b19424af1a21a3b0e75b0a7d8d7e",
                "shasum": ""
            },
            "require": {
                "php": ">=7.1"
            },
            "provide": {
                "ext-mbstring": "*"
            },
            "suggest": {
                "ext-mbstring": "For best performance"
            },
            "type": "library",
            "extra": {
                "branch-alias": {
                    "dev-main": "1.26-dev"
                },
                "thanks": {
                    "name": "symfony/polyfill",
                    "url": "https://github.com/symfony/polyfill"
                }
            },
            "autoload": {
                "files": [
                    "bootstrap.php"
                ],
                "psr-4": {
                    "Symfony\\Polyfill\\Mbstring\\": ""
                }
            },
            "notification-url": "https://packagist.org/downloads/",
            "license": [
                "MIT"
            ],
            "authors": [
                {
                    "name": "Nicolas Grekas",
                    "email": "p@tchwork.com"
                },
                {
                    "name": "Symfony Community",
                    "homepage": "https://symfony.com/contributors"
                }
            ],
            "description": "Symfony polyfill for the Mbstring extension",
            "homepage": "https://symfony.com",
            "keywords": [
                "compatibility",
                "mbstring",
                "polyfill",
                "portable",
                "shim"
            ],
            "support": {
                "source": "https://github.com/symfony/polyfill-mbstring/tree/v1.26.0"
            },
            "funding": [
                {
                    "url": "https://symfony.com/sponsor",
                    "type": "custom"
                },
                {
                    "url": "https://github.com/fabpot",
                    "type": "github"
                },
                {
                    "url": "https://tidelift.com/funding/github/packagist/symfony/symfony",
                    "type": "tidelift"
                }
            ],
            "time": "2022-05-24T11:49:31+00:00"
        },
        {
            "name": "symfony/polyfill-php80",
            "version": "v1.26.0",
            "source": {
                "type": "git",
                "url": "https://github.com/symfony/polyfill-php80.git",
                "reference": "cfa0ae98841b9e461207c13ab093d76b0fa7bace"
            },
            "dist": {
                "type": "zip",
                "url": "https://api.github.com/repos/symfony/polyfill-php80/zipball/cfa0ae98841b9e461207c13ab093d76b0fa7bace",
                "reference": "cfa0ae98841b9e461207c13ab093d76b0fa7bace",
                "shasum": ""
            },
            "require": {
                "php": ">=7.1"
            },
            "type": "library",
            "extra": {
                "branch-alias": {
                    "dev-main": "1.26-dev"
                },
                "thanks": {
                    "name": "symfony/polyfill",
                    "url": "https://github.com/symfony/polyfill"
                }
            },
            "autoload": {
                "files": [
                    "bootstrap.php"
                ],
                "psr-4": {
                    "Symfony\\Polyfill\\Php80\\": ""
                },
                "classmap": [
                    "Resources/stubs"
                ]
            },
            "notification-url": "https://packagist.org/downloads/",
            "license": [
                "MIT"
            ],
            "authors": [
                {
                    "name": "Ion Bazan",
                    "email": "ion.bazan@gmail.com"
                },
                {
                    "name": "Nicolas Grekas",
                    "email": "p@tchwork.com"
                },
                {
                    "name": "Symfony Community",
                    "homepage": "https://symfony.com/contributors"
                }
            ],
            "description": "Symfony polyfill backporting some PHP 8.0+ features to lower PHP versions",
            "homepage": "https://symfony.com",
            "keywords": [
                "compatibility",
                "polyfill",
                "portable",
                "shim"
            ],
            "support": {
                "source": "https://github.com/symfony/polyfill-php80/tree/v1.26.0"
            },
            "funding": [
                {
                    "url": "https://symfony.com/sponsor",
                    "type": "custom"
                },
                {
                    "url": "https://github.com/fabpot",
                    "type": "github"
                },
                {
                    "url": "https://tidelift.com/funding/github/packagist/symfony/symfony",
                    "type": "tidelift"
                }
            ],
            "time": "2022-05-10T07:21:04+00:00"
        },
        {
            "name": "vlucas/phpdotenv",
            "version": "v5.4.1",
            "source": {
                "type": "git",
                "url": "https://github.com/vlucas/phpdotenv.git",
                "reference": "264dce589e7ce37a7ba99cb901eed8249fbec92f"
            },
            "dist": {
                "type": "zip",
                "url": "https://api.github.com/repos/vlucas/phpdotenv/zipball/264dce589e7ce37a7ba99cb901eed8249fbec92f",
                "reference": "264dce589e7ce37a7ba99cb901eed8249fbec92f",
                "shasum": ""
            },
            "require": {
                "ext-pcre": "*",
                "graham-campbell/result-type": "^1.0.2",
                "php": "^7.1.3 || ^8.0",
                "phpoption/phpoption": "^1.8",
                "symfony/polyfill-ctype": "^1.23",
                "symfony/polyfill-mbstring": "^1.23.1",
                "symfony/polyfill-php80": "^1.23.1"
            },
            "require-dev": {
                "bamarni/composer-bin-plugin": "^1.4.1",
                "ext-filter": "*",
                "phpunit/phpunit": "^7.5.20 || ^8.5.21 || ^9.5.10"
            },
            "suggest": {
                "ext-filter": "Required to use the boolean validator."
            },
            "type": "library",
            "extra": {
                "branch-alias": {
                    "dev-master": "5.4-dev"
                }
            },
            "autoload": {
                "psr-4": {
                    "Dotenv\\": "src/"
                }
            },
            "notification-url": "https://packagist.org/downloads/",
            "license": [
                "BSD-3-Clause"
            ],
            "authors": [
                {
                    "name": "Graham Campbell",
                    "email": "hello@gjcampbell.co.uk",
                    "homepage": "https://github.com/GrahamCampbell"
                },
                {
                    "name": "Vance Lucas",
                    "email": "vance@vancelucas.com",
                    "homepage": "https://github.com/vlucas"
                }
            ],
            "description": "Loads environment variables from `.env` to `getenv()`, `$_ENV` and `$_SERVER` automagically.",
            "keywords": [
                "dotenv",
                "env",
                "environment"
            ],
            "support": {
                "issues": "https://github.com/vlucas/phpdotenv/issues",
                "source": "https://github.com/vlucas/phpdotenv/tree/v5.4.1"
            },
            "funding": [
                {
                    "url": "https://github.com/GrahamCampbell",
                    "type": "github"
                },
                {
                    "url": "https://tidelift.com/funding/github/packagist/vlucas/phpdotenv",
                    "type": "tidelift"
                }
            ],
            "time": "2021-12-12T23:22:04+00:00"
        },
        {
            "name": "wpackagist-plugin/amazon-s3-and-cloudfront",
            "version": "2.6.2",
            "source": {
                "type": "svn",
                "url": "https://plugins.svn.wordpress.org/amazon-s3-and-cloudfront/",
                "reference": "tags/2.6.2"
            },
            "dist": {
                "type": "zip",
                "url": "https://downloads.wordpress.org/plugin/amazon-s3-and-cloudfront.2.6.2.zip"
            },
            "require": {
                "composer/installers": "^1.0 || ^2.0"
            },
            "type": "wordpress-plugin",
            "homepage": "https://wordpress.org/plugins/amazon-s3-and-cloudfront/"
        },
        {
            "name": "wpackagist-plugin/autodescription",
            "version": "4.2.5",
            "source": {
                "type": "svn",
                "url": "https://plugins.svn.wordpress.org/autodescription/",
                "reference": "tags/4.2.5"
            },
            "dist": {
                "type": "zip",
                "url": "https://downloads.wordpress.org/plugin/autodescription.4.2.5.zip"
            },
            "require": {
                "composer/installers": "^1.0 || ^2.0"
            },
            "type": "wordpress-plugin",
            "homepage": "https://wordpress.org/plugins/autodescription/"
        },
        {
            "name": "wpackagist-plugin/block-manager",
            "version": "1.2.2",
            "source": {
                "type": "svn",
                "url": "https://plugins.svn.wordpress.org/block-manager/",
                "reference": "tags/1.2.2"
            },
            "dist": {
                "type": "zip",
                "url": "https://downloads.wordpress.org/plugin/block-manager.1.2.2.zip"
            },
            "require": {
                "composer/installers": "^1.0 || ^2.0"
            },
            "type": "wordpress-plugin",
            "homepage": "https://wordpress.org/plugins/block-manager/"
        },
        {
            "name": "wpackagist-plugin/block-visibility",
            "version": "2.4.3",
            "source": {
                "type": "svn",
                "url": "https://plugins.svn.wordpress.org/block-visibility/",
                "reference": "tags/2.4.3"
            },
            "dist": {
                "type": "zip",
                "url": "https://downloads.wordpress.org/plugin/block-visibility.2.4.3.zip"
            },
            "require": {
                "composer/installers": "^1.0 || ^2.0"
            },
            "type": "wordpress-plugin",
            "homepage": "https://wordpress.org/plugins/block-visibility/"
        },
        {
            "name": "wpackagist-plugin/codepress-admin-columns",
            "version": "4.4.5",
            "source": {
                "type": "svn",
                "url": "https://plugins.svn.wordpress.org/codepress-admin-columns/",
                "reference": "tags/4.4.5"
            },
            "dist": {
                "type": "zip",
                "url": "https://downloads.wordpress.org/plugin/codepress-admin-columns.4.4.5.zip"
            },
            "require": {
                "composer/installers": "^1.0 || ^2.0"
            },
            "type": "wordpress-plugin",
            "homepage": "https://wordpress.org/plugins/codepress-admin-columns/"
        },
        {
            "name": "wpackagist-plugin/contact-form-7",
            "version": "5.6.3",
            "source": {
                "type": "svn",
                "url": "https://plugins.svn.wordpress.org/contact-form-7/",
                "reference": "tags/5.6.3"
            },
            "dist": {
                "type": "zip",
                "url": "https://downloads.wordpress.org/plugin/contact-form-7.5.6.3.zip"
            },
            "require": {
                "composer/installers": "^1.0 || ^2.0"
            },
            "type": "wordpress-plugin",
            "homepage": "https://wordpress.org/plugins/contact-form-7/"
        },
        {
            "name": "wpackagist-plugin/contact-form-entries",
            "version": "1.2.8",
            "source": {
                "type": "svn",
                "url": "https://plugins.svn.wordpress.org/contact-form-entries/",
                "reference": "trunk"
            },
            "dist": {
                "type": "zip",
                "url": "https://downloads.wordpress.org/plugin/contact-form-entries.zip?timestamp=1654070275"
            },
            "require": {
                "composer/installers": "^1.0 || ^2.0"
            },
            "type": "wordpress-plugin",
            "homepage": "https://wordpress.org/plugins/contact-form-entries/"
        },
        {
            "name": "wpackagist-plugin/cookie-law-info",
            "version": "2.1.2",
            "source": {
                "type": "svn",
                "url": "https://plugins.svn.wordpress.org/cookie-law-info/",
                "reference": "tags/2.1.2"
            },
            "dist": {
                "type": "zip",
                "url": "https://downloads.wordpress.org/plugin/cookie-law-info.2.1.2.zip"
            },
            "require": {
                "composer/installers": "^1.0 || ^2.0"
            },
            "type": "wordpress-plugin",
            "homepage": "https://wordpress.org/plugins/cookie-law-info/"
        },
        {
            "name": "wpackagist-plugin/dearpdf-lite",
            "version": "1.2.62",
            "source": {
                "type": "svn",
                "url": "https://plugins.svn.wordpress.org/dearpdf-lite/",
                "reference": "trunk"
            },
            "dist": {
                "type": "zip",
                "url": "https://downloads.wordpress.org/plugin/dearpdf-lite.zip?timestamp=1660920481"
            },
            "require": {
                "composer/installers": "^1.0 || ^2.0"
            },
            "type": "wordpress-plugin",
            "homepage": "https://wordpress.org/plugins/dearpdf-lite/"
        },
        {
            "name": "wpackagist-plugin/events-manager",
            "version": "5.12.1",
            "source": {
                "type": "svn",
                "url": "https://plugins.svn.wordpress.org/events-manager/",
                "reference": "tags/5.12.1"
            },
            "dist": {
                "type": "zip",
                "url": "https://downloads.wordpress.org/plugin/events-manager.5.12.1.zip"
            },
            "require": {
                "composer/installers": "^1.0 || ^2.0"
            },
            "type": "wordpress-plugin",
            "homepage": "https://wordpress.org/plugins/events-manager/"
        },
        {
            "name": "wpackagist-plugin/events-manager-zoom",
            "version": "1.5",
            "source": {
                "type": "svn",
                "url": "https://plugins.svn.wordpress.org/events-manager-zoom/",
                "reference": "tags/1.5"
            },
            "dist": {
                "type": "zip",
                "url": "https://downloads.wordpress.org/plugin/events-manager-zoom.1.5.zip"
            },
            "require": {
                "composer/installers": "^1.0 || ^2.0"
            },
            "type": "wordpress-plugin",
            "homepage": "https://wordpress.org/plugins/events-manager-zoom/"
        },
        {
            "name": "wpackagist-plugin/flexy-breadcrumb",
            "version": "1.2.1",
            "source": {
                "type": "svn",
                "url": "https://plugins.svn.wordpress.org/flexy-breadcrumb/",
                "reference": "tags/1.2.1"
            },
            "dist": {
                "type": "zip",
                "url": "https://downloads.wordpress.org/plugin/flexy-breadcrumb.1.2.1.zip"
            },
            "require": {
                "composer/installers": "^1.0 || ^2.0"
            },
            "type": "wordpress-plugin",
            "homepage": "https://wordpress.org/plugins/flexy-breadcrumb/"
        },
        {
            "name": "wpackagist-plugin/google-site-kit",
            "version": "1.82.0",
            "source": {
                "type": "svn",
                "url": "https://plugins.svn.wordpress.org/google-site-kit/",
                "reference": "tags/1.82.0"
            },
            "dist": {
                "type": "zip",
                "url": "https://downloads.wordpress.org/plugin/google-site-kit.1.82.0.zip"
            },
            "require": {
                "composer/installers": "^1.0 || ^2.0"
            },
            "type": "wordpress-plugin",
            "homepage": "https://wordpress.org/plugins/google-site-kit/"
        },
        {
            "name": "wpackagist-plugin/members",
            "version": "3.2.1",
            "source": {
                "type": "svn",
                "url": "https://plugins.svn.wordpress.org/members/",
                "reference": "tags/3.2.1"
            },
            "dist": {
                "type": "zip",
                "url": "https://downloads.wordpress.org/plugin/members.3.2.1.zip"
            },
            "require": {
                "composer/installers": "^1.0 || ^2.0"
            },
            "type": "wordpress-plugin",
            "homepage": "https://wordpress.org/plugins/members/"
        },
        {
            "name": "wpackagist-plugin/page-links-to",
            "version": "3.3.6",
            "source": {
                "type": "svn",
                "url": "https://plugins.svn.wordpress.org/page-links-to/",
                "reference": "tags/3.3.6"
            },
            "dist": {
                "type": "zip",
                "url": "https://downloads.wordpress.org/plugin/page-links-to.3.3.6.zip"
            },
            "require": {
                "composer/installers": "^1.0 || ^2.0"
            },
            "type": "wordpress-plugin",
            "homepage": "https://wordpress.org/plugins/page-links-to/"
        },
        {
            "name": "wpackagist-plugin/redirection",
            "version": "5.3.2",
            "source": {
                "type": "svn",
                "url": "https://plugins.svn.wordpress.org/redirection/",
                "reference": "tags/5.3.2"
            },
            "dist": {
                "type": "zip",
                "url": "https://downloads.wordpress.org/plugin/redirection.5.3.2.zip"
            },
            "require": {
                "composer/installers": "^1.0 || ^2.0"
            },
            "type": "wordpress-plugin",
            "homepage": "https://wordpress.org/plugins/redirection/"
        },
        {
            "name": "wpackagist-plugin/reusable-blocks-extended",
            "version": "0.9",
            "source": {
                "type": "svn",
                "url": "https://plugins.svn.wordpress.org/reusable-blocks-extended/",
                "reference": "tags/0.9"
            },
            "dist": {
                "type": "zip",
                "url": "https://downloads.wordpress.org/plugin/reusable-blocks-extended.0.9.zip"
            },
            "require": {
                "composer/installers": "^1.0 || ^2.0"
            },
            "type": "wordpress-plugin",
            "homepage": "https://wordpress.org/plugins/reusable-blocks-extended/"
        },
        {
            "name": "wpackagist-plugin/social-sharing-block",
            "version": "0.4.0",
            "source": {
                "type": "svn",
                "url": "https://plugins.svn.wordpress.org/social-sharing-block/",
                "reference": "tags/0.4.0"
            },
            "dist": {
                "type": "zip",
                "url": "https://downloads.wordpress.org/plugin/social-sharing-block.0.4.0.zip"
            },
            "require": {
                "composer/installers": "^1.0 || ^2.0"
            },
            "type": "wordpress-plugin",
            "homepage": "https://wordpress.org/plugins/social-sharing-block/"
        },
        {
            "name": "wpackagist-plugin/svg-support",
            "version": "2.5.1",
            "source": {
                "type": "svn",
                "url": "https://plugins.svn.wordpress.org/svg-support/",
                "reference": "tags/2.5.1"
            },
            "dist": {
                "type": "zip",
                "url": "https://downloads.wordpress.org/plugin/svg-support.2.5.1.zip"
            },
            "require": {
                "composer/installers": "^1.0 || ^2.0"
            },
            "type": "wordpress-plugin",
            "homepage": "https://wordpress.org/plugins/svg-support/"
        },
        {
            "name": "wpackagist-plugin/wordfence",
            "version": "7.6.0",
            "source": {
                "type": "svn",
                "url": "https://plugins.svn.wordpress.org/wordfence/",
                "reference": "tags/7.6.0"
            },
            "dist": {
                "type": "zip",
                "url": "https://downloads.wordpress.org/plugin/wordfence.7.6.0.zip"
            },
            "require": {
                "composer/installers": "^1.0 || ^2.0"
            },
            "type": "wordpress-plugin",
            "homepage": "https://wordpress.org/plugins/wordfence/"
        },
        {
            "name": "wpackagist-plugin/wp-mail-smtp",
            "version": "3.5.2",
            "source": {
                "type": "svn",
                "url": "https://plugins.svn.wordpress.org/wp-mail-smtp/",
                "reference": "tags/3.5.2"
            },
            "dist": {
                "type": "zip",
                "url": "https://downloads.wordpress.org/plugin/wp-mail-smtp.3.5.2.zip"
            },
            "require": {
                "composer/installers": "^1.0 || ^2.0"
            },
            "type": "wordpress-plugin",
            "homepage": "https://wordpress.org/plugins/wp-mail-smtp/"
        },
        {
            "name": "wpackagist-plugin/wp-rest-api-v2-menus",
            "version": "0.10",
            "source": {
                "type": "svn",
                "url": "https://plugins.svn.wordpress.org/wp-rest-api-v2-menus/",
                "reference": "tags/0.10"
            },
            "dist": {
                "type": "zip",
                "url": "https://downloads.wordpress.org/plugin/wp-rest-api-v2-menus.0.10.zip"
            },
            "require": {
                "composer/installers": "^1.0 || ^2.0"
            },
            "type": "wordpress-plugin",
            "homepage": "https://wordpress.org/plugins/wp-rest-api-v2-menus/"
        },
        {
            "name": "wpackagist-plugin/wp-user-avatars",
            "version": "1.4.1",
            "source": {
                "type": "svn",
                "url": "https://plugins.svn.wordpress.org/wp-user-avatars/",
                "reference": "trunk"
            },
            "dist": {
                "type": "zip",
                "url": "https://downloads.wordpress.org/plugin/wp-user-avatars.zip?timestamp=1622568336"
            },
            "require": {
                "composer/installers": "^1.0 || ^2.0"
            },
            "type": "wordpress-plugin",
            "homepage": "https://wordpress.org/plugins/wp-user-avatars/"
        },
        {
            "name": "wpackagist-plugin/wp-youtube-lyte",
            "version": "1.7.19",
            "source": {
                "type": "svn",
                "url": "https://plugins.svn.wordpress.org/wp-youtube-lyte/",
                "reference": "tags/1.7.19"
            },
            "dist": {
                "type": "zip",
                "url": "https://downloads.wordpress.org/plugin/wp-youtube-lyte.1.7.19.zip"
            },
            "require": {
                "composer/installers": "^1.0 || ^2.0"
            },
            "type": "wordpress-plugin",
            "homepage": "https://wordpress.org/plugins/wp-youtube-lyte/"
        }
    ],
    "packages-dev": [
        {
            "name": "wpackagist-plugin/broken-link-checker",
            "version": "1.11.18",
            "source": {
                "type": "svn",
                "url": "https://plugins.svn.wordpress.org/broken-link-checker/",
                "reference": "tags/1.11.18"
            },
            "dist": {
                "type": "zip",
                "url": "https://downloads.wordpress.org/plugin/broken-link-checker.1.11.18.zip"
            },
            "require": {
                "composer/installers": "^1.0 || ^2.0"
            },
            "type": "wordpress-plugin",
            "homepage": "https://wordpress.org/plugins/broken-link-checker/"
        },
        {
            "name": "wpackagist-plugin/user-switching",
            "version": "1.7.0",
            "source": {
                "type": "svn",
                "url": "https://plugins.svn.wordpress.org/user-switching/",
                "reference": "tags/1.7.0"
            },
            "dist": {
                "type": "zip",
                "url": "https://downloads.wordpress.org/plugin/user-switching.1.7.0.zip"
            },
            "require": {
                "composer/installers": "^1.0 || ^2.0"
            },
            "type": "wordpress-plugin",
            "homepage": "https://wordpress.org/plugins/user-switching/"
        },
        {
            "name": "wpackagist-plugin/wp-crontrol",
            "version": "1.14.0",
            "source": {
                "type": "svn",
                "url": "https://plugins.svn.wordpress.org/wp-crontrol/",
                "reference": "tags/1.14.0"
            },
            "dist": {
                "type": "zip",
                "url": "https://downloads.wordpress.org/plugin/wp-crontrol.1.14.0.zip"
            },
            "require": {
                "composer/installers": "^1.0 || ^2.0"
            },
            "type": "wordpress-plugin",
            "homepage": "https://wordpress.org/plugins/wp-crontrol/"
        },
        {
            "name": "wpackagist-plugin/wp-log-viewer",
            "version": "1.2.1",
            "source": {
                "type": "svn",
                "url": "https://plugins.svn.wordpress.org/wp-log-viewer/",
                "reference": "tags/1.2.1"
            },
            "dist": {
                "type": "zip",
                "url": "https://downloads.wordpress.org/plugin/wp-log-viewer.1.2.1.zip"
            },
            "require": {
                "composer/installers": "^1.0 || ^2.0"
            },
            "type": "wordpress-plugin",
            "homepage": "https://wordpress.org/plugins/wp-log-viewer/"
        }
    ],
    "aliases": [],
    "minimum-stability": "stable",
    "stability-flags": {
        "debtcollective/block-visibility-pro": 20,
        "chatwoot/wp-plugin": 20,
        "frnhr/simple-user-ordering": 20,
        "debtcollective/wp-webhooks-pro": 20,
        "debtcollective/dotorg-site-functionality": 20,
        "debtcollective/dotorg-theme": 20,
        "debtcollective/dc-events-manager": 20
    },
    "prefer-stable": false,
    "prefer-lowest": false,
    "platform": [],
    "platform-dev": [],
    "plugin-api-version": "2.3.0"
}
